
Microsoft Visual Studio Solution File, Format Version 12.00
# Visual Studio Version 17
VisualStudioVersion = 17.0.32014.148
MinimumVisualStudioVersion = 10.0.40219.1
Project("{FAE04EC0-301F-11D3-BF4B-00C04F79EFBC}") = "MemoryVaultUnitTesting", "UnitTests\MemoryVaultUnitTesting.csproj", "{0756A382-7244-44D0-8FBF-020AE69AED1D}"
EndProject
Project("{FAE04EC0-301F-11D3-BF4B-00C04F79EFBC}") = "MemoryVault", "MemoryVault\MemoryVault.csproj", "{295959E2-7DD1-4CFB-86FF-8B1BC6EB5650}"
EndProject
Global
	GlobalSection(SolutionConfigurationPlatforms) = preSolution
		Debug|Any CPU = Debug|Any CPU
		Release|Any CPU = Release|Any CPU
	EndGlobalSection
	GlobalSection(ProjectConfigurationPlatforms) = postSolution
		{0756A382-7244-44D0-8FBF-020AE69AED1D}.Debug|Any CPU.ActiveCfg = Debug|Any CPU
		{0756A382-7244-44D0-8FBF-020AE69AED1D}.Debug|Any CPU.Build.0 = Debug|Any CPU
		{0756A382-7244-44D0-8FBF-020AE69AED1D}.Release|Any CPU.ActiveCfg = Release|Any CPU
		{0756A382-7244-44D0-8FBF-020AE69AED1D}.Release|Any CPU.Build.0 = Release|Any CPU
		{295959E2-7DD1-4CFB-86FF-8B1BC6EB5650}.Debug|Any CPU.ActiveCfg = Debug|Any CPU
		{295959E2-7DD1-4CFB-86FF-8B1BC6EB5650}.Debug|Any CPU.Build.0 = Debug|Any CPU
		{295959E2-7DD1-4CFB-86FF-8B1BC6EB5650}.Release|Any CPU.ActiveCfg = Release|Any CPU
		{295959E2-7DD1-4CFB-86FF-8B1BC6EB5650}.Release|Any CPU.Build.0 = Release|Any CPU
	EndGlobalSection
	GlobalSection(SolutionProperties) = preSolution
		HideSolutionNode = FALSE
	EndGlobalSection
	GlobalSection(ExtensibilityGlobals) = postSolution
		SolutionGuid = {C1391E4C-D428-4B39-885A-C289C66D549D}
	EndGlobalSection
EndGlobal
